Microsoft Visual Studio Solution File, Format Version 12.00
# Visual Studio Version 17
VisualStudioVersion = 17.5.2.0
MinimumVisualStudioVersion = 10.0.40219.1
Project("{2150E333-8FDC-42A3-9474-1A3956D46DE8}") = "gitforge-server", "gitforge-server", "{8AC4A554-9C28-B7BD-3F29-D5E87FE63B14}"
EndProject
Project("{FAE04EC0-301F-11D3-BF4B-00C04F79EFBC}") = "GitForge.Server", "gitforge-server\GitForge.Server.csproj", "{9F35B928-6DB4-9889-2A6F-A9F258F7907E}"
EndProject
Global
	GlobalSection(SolutionConfigurationPlatforms) = preSolution
		Debug|Any CPU = Debug|Any CPU
		Release|Any CPU = Release|Any CPU
	EndGlobalSection
	GlobalSection(ProjectConfigurationPlatforms) = postSolution
		{9F35B928-6DB4-9889-2A6F-A9F258F7907E}.Debug|Any CPU.ActiveCfg = Debug|Any CPU
		{9F35B928-6DB4-9889-2A6F-A9F258F7907E}.Debug|Any CPU.Build.0 = Debug|Any CPU
		{9F35B928-6DB4-9889-2A6F-A9F258F7907E}.Release|Any CPU.ActiveCfg = Release|Any CPU
		{9F35B928-6DB4-9889-2A6F-A9F258F7907E}.Release|Any CPU.Build.0 = Release|Any CPU
	EndGlobalSection
	GlobalSection(SolutionProperties) = preSolution
		HideSolutionNode = FALSE
	EndGlobalSection
	GlobalSection(NestedProjects) = preSolution
		{9F35B928-6DB4-9889-2A6F-A9F258F7907E} = {8AC4A554-9C28-B7BD-3F29-D5E87FE63B14}
	EndGlobalSection
	GlobalSection(ExtensibilityGlobals) = postSolution
		SolutionGuid = {019F73BF-ADB1-4A94-A875-86C3ECCCFB7B}
	EndGlobalSection
EndGlobal
